// !$*UTF8*$!
{
	archiveVersion = 1;
	classes = {
	};
	objectVersion = 50;
	objects = {

/* Begin PBXBuildFile section */
		18C1EBE52474434700DC140A /* HomeViewController.swift in Sources */ = {isa = PBXBuildFile; fileRef = 18C1EBE32474434700DC140A /* HomeViewController.swift */; };
		18C1EBE62474434700DC140A /* HomeViewController.xib in Resources */ = {isa = PBXBuildFile; fileRef = 18C1EBE42474434700DC140A /* HomeViewController.xib */; };
		18C1EBE9247446AB00DC140A /* SignInViewController.swift in Sources */ = {isa = PBXBuildFile; fileRef = 18C1EBE7247446AB00DC140A /* SignInViewController.swift */; };
		18C1EBEA247446AB00DC140A /* SignInViewController.xib in Resources */ = {isa = PBXBuildFile; fileRef = 18C1EBE8247446AB00DC140A /* SignInViewController.xib */; };
		18C1EBEC2475636600DC140A /* User.swift in Sources */ = {isa = PBXBuildFile; fileRef = 18C1EBEB2475636600DC140A /* User.swift */; };
		18C1EBEE2475658600DC140A /* Login.swift in Sources */ = {isa = PBXBuildFile; fileRef = 18C1EBED2475658600DC140A /* Login.swift */; };
		18C1EBF4247568A500DC140A /* UserWebSevice.swift in Sources */ = {isa = PBXBuildFile; fileRef = 18C1EBF3247568A500DC140A /* UserWebSevice.swift */; };
		18C1EBF62475692100DC140A /* UserFactory.swift in Sources */ = {isa = PBXBuildFile; fileRef = 18C1EBF52475692100DC140A /* UserFactory.swift */; };
		18C1EBF82475729E00DC140A /* UserLogin.swift in Sources */ = {isa = PBXBuildFile; fileRef = 18C1EBF72475729E00DC140A /* UserLogin.swift */; };
		18DECE422477BC2E00D5C27C /* SignUpViewController.swift in Sources */ = {isa = PBXBuildFile; fileRef = 18DECE402477BC2E00D5C27C /* SignUpViewController.swift */; };
		18DECE432477BC2E00D5C27C /* SignUpViewController.xib in Resources */ = {isa = PBXBuildFile; fileRef = 18DECE412477BC2E00D5C27C /* SignUpViewController.xib */; };
		18DECE462477BDC100D5C27C /* UserSignUp.swift in Sources */ = {isa = PBXBuildFile; fileRef = 18DECE452477BDC100D5C27C /* UserSignUp.swift */; };
		18DECE482477C05500D5C27C /* UserSignUpFactory.swift in Sources */ = {isa = PBXBuildFile; fileRef = 18DECE472477C05500D5C27C /* UserSignUpFactory.swift */; };
		4F18831124659655006481B6 /* MessagesController.swift in Sources */ = {isa = PBXBuildFile; fileRef = 4F18830F24659655006481B6 /* MessagesController.swift */; };
		4F18831224659655006481B6 /* MessagesController.xib in Resources */ = {isa = PBXBuildFile; fileRef = 4F18831024659655006481B6 /* MessagesController.xib */; };
		4F19E13D246ECFB800F21132 /* ScaledHeightImageView.swift in Sources */ = {isa = PBXBuildFile; fileRef = 4F19E13C246ECFB800F21132 /* ScaledHeightImageView.swift */; };
		4F19E141246ED01000F21132 /* Extension.swift in Sources */ = {isa = PBXBuildFile; fileRef = 4F19E140246ED01000F21132 /* Extension.swift */; };
		4F19E143246ED03A00F21132 /* ImageSource.swift in Sources */ = {isa = PBXBuildFile; fileRef = 4F19E142246ED03A00F21132 /* ImageSource.swift */; };
		4F32268F245F0A0400CAF083 /* DeleteController.swift in Sources */ = {isa = PBXBuildFile; fileRef = 4F32268E245F0A0400CAF083 /* DeleteController.swift */; };
		4F4B409824655E4C00249FB8 /* Extensions.swift in Sources */ = {isa = PBXBuildFile; fileRef = 4F4B409724655E4C00249FB8 /* Extensions.swift */; };
		4F755113245D6D3600C0CD40 /* PopUpPoints.swift in Sources */ = {isa = PBXBuildFile; fileRef = 4F755112245D6D3600C0CD40 /* PopUpPoints.swift */; };
		4FB7E21A246AD7DC002740C6 /* ProfilFormController.swift in Sources */ = {isa = PBXBuildFile; fileRef = 4FB7E219246AD7DC002740C6 /* ProfilFormController.swift */; };
		4FF3161B245B0BF30006FF9C /* AppDelegate.swift in Sources */ = {isa = PBXBuildFile; fileRef = 4FF3161A245B0BF30006FF9C /* AppDelegate.swift */; };
		4FF31624245B0BF90006FF9C /* Assets.xcassets in Resources */ = {isa = PBXBuildFile; fileRef = 4FF31623245B0BF90006FF9C /* Assets.xcassets */; };
		4FF31627245B0BF90006FF9C /* LaunchScreen.storyboard in Resources */ = {isa = PBXBuildFile; fileRef = 4FF31625245B0BF90006FF9C /* LaunchScreen.storyboard */; };
		4FF31632245B0C6B0006FF9C /* TabBarController.swift in Sources */ = {isa = PBXBuildFile; fileRef = 4FF31631245B0C6B0006FF9C /* TabBarController.swift */; };
		4FF31638245B0CB10006FF9C /* ServicesController.swift in Sources */ = {isa = PBXBuildFile; fileRef = 4FF31637245B0CB10006FF9C /* ServicesController.swift */; };
		4FF3163E245B0CD90006FF9C /* ProfilController.swift in Sources */ = {isa = PBXBuildFile; fileRef = 4FF3163D245B0CD90006FF9C /* ProfilController.swift */; };
		4FF31640245B0D4D0006FF9C /* ProfilSections.swift in Sources */ = {isa = PBXBuildFile; fileRef = 4FF3163F245B0D4D0006FF9C /* ProfilSections.swift */; };
		4FF31642245B0D7A0006FF9C /* ProfilCell.swift in Sources */ = {isa = PBXBuildFile; fileRef = 4FF31641245B0D7A0006FF9C /* ProfilCell.swift */; };
		4FF31644245B0DA40006FF9C /* InfoUser.swift in Sources */ = {isa = PBXBuildFile; fileRef = 4FF31643245B0DA40006FF9C /* InfoUser.swift */; };
		EA3053FA24B0A26D00C563BF /* Service.swift in Sources */ = {isa = PBXBuildFile; fileRef = EA3053F924B0A26D00C563BF /* Service.swift */; };
		EA3053FC24B0A65D00C563BF /* ServiceWebService.swift in Sources */ = {isa = PBXBuildFile; fileRef = EA3053FB24B0A65D00C563BF /* ServiceWebService.swift */; };
		EA3053FE24B0A6FE00C563BF /* ServiceFactory.swift in Sources */ = {isa = PBXBuildFile; fileRef = EA3053FD24B0A6FE00C563BF /* ServiceFactory.swift */; };
		EA30540024B0DDD800C563BF /* UserLoginFactory.swift in Sources */ = {isa = PBXBuildFile; fileRef = EA3053FF24B0DDD800C563BF /* UserLoginFactory.swift */; };
		EA30540224B1C27600C563BF /* TypeService.swift in Sources */ = {isa = PBXBuildFile; fileRef = EA30540124B1C27600C563BF /* TypeService.swift */; };
		EA30540424B1C3B600C563BF /* TypeServiceFactory.swift in Sources */ = {isa = PBXBuildFile; fileRef = EA30540324B1C3B600C563BF /* TypeServiceFactory.swift */; };
		EA30540724B1DBB500C563BF /* MesServicesViewController.swift in Sources */ = {isa = PBXBuildFile; fileRef = EA30540524B1DBB500C563BF /* MesServicesViewController.swift */; };
		EA30540824B1DBB500C563BF /* MesServicesViewController.xib in Resources */ = {isa = PBXBuildFile; fileRef = EA30540624B1DBB500C563BF /* MesServicesViewController.xib */; };
		EA30540A24B2648400C563BF /* TypeServiceWebService.swift in Sources */ = {isa = PBXBuildFile; fileRef = EA30540924B2648400C563BF /* TypeServiceWebService.swift */; };
		EA3BB3F424BB205300CD6383 /* EvaluationViewController.swift in Sources */ = {isa = PBXBuildFile; fileRef = EA3BB3F224BB205300CD6383 /* EvaluationViewController.swift */; };
		EA3BB3F524BB205300CD6383 /* EvaluationViewController.xib in Resources */ = {isa = PBXBuildFile; fileRef = EA3BB3F324BB205300CD6383 /* EvaluationViewController.xib */; };
		EA3BB3F724BBAE7400CD6383 /* Badge.swift in Sources */ = {isa = PBXBuildFile; fileRef = EA3BB3F624BBAE7400CD6383 /* Badge.swift */; };
		EA3BB3F924BBAF2400CD6383 /* BadgeFactory.swift in Sources */ = {isa = PBXBuildFile; fileRef = EA3BB3F824BBAF2400CD6383 /* BadgeFactory.swift */; };
		EA3BB3FB24BBB02F00CD6383 /* BadgeWebService.swift in Sources */ = {isa = PBXBuildFile; fileRef = EA3BB3FA24BBB02F00CD6383 /* BadgeWebService.swift */; };
		EA3BB3FD24BC576800CD6383 /* WinFactory.swift in Sources */ = {isa = PBXBuildFile; fileRef = EA3BB3FC24BC576800CD6383 /* WinFactory.swift */; };
		EA3BB3FF24BC578E00CD6383 /* Win.swift in Sources */ = {isa = PBXBuildFile; fileRef = EA3BB3FE24BC578E00CD6383 /* Win.swift */; };
		EA3BB40124BC587C00CD6383 /* WinWebService.swift in Sources */ = {isa = PBXBuildFile; fileRef = EA3BB40024BC587C00CD6383 /* WinWebService.swift */; };
		EA696E1F24B909650079FC38 /* VolunteersTableViewCell.swift in Sources */ = {isa = PBXBuildFile; fileRef = EA696E1D24B909650079FC38 /* VolunteersTableViewCell.swift */; };
		EA696E2024B909650079FC38 /* VolunteersTableViewCell.xib in Resources */ = {isa = PBXBuildFile; fileRef = EA696E1E24B909650079FC38 /* VolunteersTableViewCell.xib */; };
		EA696E2224B9C6C50079FC38 /* Config.swift in Sources */ = {isa = PBXBuildFile; fileRef = EA696E2124B9C6C50079FC38 /* Config.swift */; };
		EA696E2524BA09800079FC38 /* ListVolunteersViewController.swift in Sources */ = {isa = PBXBuildFile; fileRef = EA696E2324BA09800079FC38 /* ListVolunteersViewController.swift */; };
		EA696E2624BA09800079FC38 /* ListVolunteersViewController.xib in Resources */ = {isa = PBXBuildFile; fileRef = EA696E2424BA09800079FC38 /* ListVolunteersViewController.xib */; };
		EA696E2A24BA162D0079FC38 /* VolunteersDetailsViewController.swift in Sources */ = {isa = PBXBuildFile; fileRef = EA696E2824BA162D0079FC38 /* VolunteersDetailsViewController.swift */; };
		EA696E2B24BA162D0079FC38 /* VolunteersDetailsViewController.xib in Resources */ = {isa = PBXBuildFile; fileRef = EA696E2924BA162D0079FC38 /* VolunteersDetailsViewController.xib */; };
		EA8E305524B5B269009F5FAE /* ServiceCollectionViewCell.swift in Sources */ = {isa = PBXBuildFile; fileRef = EA8E305324B5B269009F5FAE /* ServiceCollectionViewCell.swift */; };
		EA8E305624B5B269009F5FAE /* ServiceCollectionViewCell.xib in Resources */ = {isa = PBXBuildFile; fileRef = EA8E305424B5B269009F5FAE /* ServiceCollectionViewCell.xib */; };
		EA8E305824B7828F009F5FAE /* Apply.swift in Sources */ = {isa = PBXBuildFile; fileRef = EA8E305724B7828F009F5FAE /* Apply.swift */; };
		EA8E305A24B783B4009F5FAE /* ApplyFactory.swift in Sources */ = {isa = PBXBuildFile; fileRef = EA8E305924B783B4009F5FAE /* ApplyFactory.swift */; };
		EA8E305C24B783CA009F5FAE /* ApplyWebService.swift in Sources */ = {isa = PBXBuildFile; fileRef = EA8E305B24B783CA009F5FAE /* ApplyWebService.swift */; };
		EAFA409224B3536F00D9059F /* ListServicesViewController.swift in Sources */ = {isa = PBXBuildFile; fileRef = EAFA409024B3536F00D9059F /* ListServicesViewController.swift */; };
		EAFA409324B3536F00D9059F /* ListServicesViewController.xib in Resources */ = {isa = PBXBuildFile; fileRef = EAFA409124B3536F00D9059F /* ListServicesViewController.xib */; };
		EAFA40A224B473AA00D9059F /* ServiceInfosViewController.swift in Sources */ = {isa = PBXBuildFile; fileRef = EAFA40A024B473AA00D9059F /* ServiceInfosViewController.swift */; };
		EAFA40A324B473AA00D9059F /* ServiceInfosViewController.xib in Resources */ = {isa = PBXBuildFile; fileRef = EAFA40A124B473AA00D9059F /* ServiceInfosViewController.xib */; };
/* End PBXBuildFile section */

/* Begin PBXFileReference section */
		18C1EBE32474434700DC140A /* HomeViewController.swift */ = {isa = PBXFileReference; lastKnownFileType = sourcecode.swift; path = HomeViewController.swift; sourceTree = "<group>"; };
		18C1EBE42474434700DC140A /* HomeViewController.xib */ = {isa = PBXFileReference; lastKnownFileType = file.xib; path = HomeViewController.xib; sourceTree = "<group>"; };
		18C1EBE7247446AB00DC140A /* SignInViewController.swift */ = {isa = PBXFileReference; lastKnownFileType = sourcecode.swift; path = SignInViewController.swift; sourceTree = "<group>"; };
		18C1EBE8247446AB00DC140A /* SignInViewController.xib */ = {isa = PBXFileReference; lastKnownFileType = file.xib; path = SignInViewController.xib; sourceTree = "<group>"; };
		18C1EBEB2475636600DC140A /* User.swift */ = {isa = PBXFileReference; lastKnownFileType = sourcecode.swift; path = User.swift; sourceTree = "<group>"; };
		18C1EBED2475658600DC140A /* Login.swift */ = {isa = PBXFileReference; lastKnownFileType = sourcecode.swift; path = Login.swift; sourceTree = "<group>"; };
		18C1EBF3247568A500DC140A /* UserWebSevice.swift */ = {isa = PBXFileReference; lastKnownFileType = sourcecode.swift; path = UserWebSevice.swift; sourceTree = "<group>"; };
		18C1EBF52475692100DC140A /* UserFactory.swift */ = {isa = PBXFileReference; lastKnownFileType = sourcecode.swift; path = UserFactory.swift; sourceTree = "<group>"; };
		18C1EBF72475729E00DC140A /* UserLogin.swift */ = {isa = PBXFileReference; lastKnownFileType = sourcecode.swift; path = UserLogin.swift; sourceTree = "<group>"; };
		18DECE402477BC2E00D5C27C /* SignUpViewController.swift */ = {isa = PBXFileReference; lastKnownFileType = sourcecode.swift; path = SignUpViewController.swift; sourceTree = "<group>"; };
		18DECE412477BC2E00D5C27C /* SignUpViewController.xib */ = {isa = PBXFileReference; lastKnownFileType = file.xib; path = SignUpViewController.xib; sourceTree = "<group>"; };
		18DECE452477BDC100D5C27C /* UserSignUp.swift */ = {isa = PBXFileReference; lastKnownFileType = sourcecode.swift; path = UserSignUp.swift; sourceTree = "<group>"; };
		18DECE472477C05500D5C27C /* UserSignUpFactory.swift */ = {isa = PBXFileReference; lastKnownFileType = sourcecode.swift; path = UserSignUpFactory.swift; sourceTree = "<group>"; };
		4F18830F24659655006481B6 /* MessagesController.swift */ = {isa = PBXFileReference; lastKnownFileType = sourcecode.swift; path = MessagesController.swift; sourceTree = "<group>"; };
		4F18831024659655006481B6 /* MessagesController.xib */ = {isa = PBXFileReference; lastKnownFileType = file.xib; path = MessagesController.xib; sourceTree = "<group>"; };
		4F19E13C246ECFB800F21132 /* ScaledHeightImageView.swift */ = {isa = PBXFileReference; lastKnownFileType = sourcecode.swift; path = ScaledHeightImageView.swift; sourceTree = "<group>"; };
		4F19E140246ED01000F21132 /* Extension.swift */ = {isa = PBXFileReference; lastKnownFileType = sourcecode.swift; path = Extension.swift; sourceTree = "<group>"; };
		4F19E142246ED03A00F21132 /* ImageSource.swift */ = {isa = PBXFileReference; lastKnownFileType = sourcecode.swift; path = ImageSource.swift; sourceTree = "<group>"; };
		4F32268E245F0A0400CAF083 /* DeleteController.swift */ = {isa = PBXFileReference; lastKnownFileType = sourcecode.swift; path = DeleteController.swift; sourceTree = "<group>"; };
		4F4B409724655E4C00249FB8 /* Extensions.swift */ = {isa = PBXFileReference; lastKnownFileType = sourcecode.swift; path = Extensions.swift; sourceTree = "<group>"; };
		4F755112245D6D3600C0CD40 /* PopUpPoints.swift */ = {isa = PBXFileReference; lastKnownFileType = sourcecode.swift; path = PopUpPoints.swift; sourceTree = "<group>"; };
		4FB7E219246AD7DC002740C6 /* ProfilFormController.swift */ = {isa = PBXFileReference; lastKnownFileType = sourcecode.swift; path = ProfilFormController.swift; sourceTree = "<group>"; };
		4FF31617245B0BF30006FF9C /* LinkSAppIOS.app */ = {isa = PBXFileReference; explicitFileType = wrapper.application; includeInIndex = 0; path = LinkSAppIOS.app; sourceTree = BUILT_PRODUCTS_DIR; };
		4FF3161A245B0BF30006FF9C /* AppDelegate.swift */ = {isa = PBXFileReference; lastKnownFileType = sourcecode.swift; path = AppDelegate.swift; sourceTree = "<group>"; };
		4FF31623245B0BF90006FF9C /* Assets.xcassets */ = {isa = PBXFileReference; lastKnownFileType = folder.assetcatalog; path = Assets.xcassets; sourceTree = "<group>"; };
		4FF31626245B0BF90006FF9C /* Base */ = {isa = PBXFileReference; lastKnownFileType = file.storyboard; name = Base; path = Base.lproj/LaunchScreen.storyboard; sourceTree = "<group>"; };
		4FF31628245B0BF90006FF9C /* Info.plist */ = {isa = PBXFileReference; lastKnownFileType = text.plist.xml; path = Info.plist; sourceTree = "<group>"; };
		4FF31631245B0C6B0006FF9C /* TabBarController.swift */ = {isa = PBXFileReference; lastKnownFileType = sourcecode.swift; path = TabBarController.swift; sourceTree = "<group>"; };
		4FF31637245B0CB10006FF9C /* ServicesController.swift */ = {isa = PBXFileReference; lastKnownFileType = sourcecode.swift; path = ServicesController.swift; sourceTree = "<group>"; };
		4FF3163D245B0CD90006FF9C /* ProfilController.swift */ = {isa = PBXFileReference; lastKnownFileType = sourcecode.swift; path = ProfilController.swift; sourceTree = "<group>"; };
		4FF3163F245B0D4D0006FF9C /* ProfilSections.swift */ = {isa = PBXFileReference; lastKnownFileType = sourcecode.swift; path = ProfilSections.swift; sourceTree = "<group>"; };
		4FF31641245B0D7A0006FF9C /* ProfilCell.swift */ = {isa = PBXFileReference; lastKnownFileType = sourcecode.swift; path = ProfilCell.swift; sourceTree = "<group>"; };
		4FF31643245B0DA40006FF9C /* InfoUser.swift */ = {isa = PBXFileReference; lastKnownFileType = sourcecode.swift; path = InfoUser.swift; sourceTree = "<group>"; };
		EA3053F924B0A26D00C563BF /* Service.swift */ = {isa = PBXFileReference; lastKnownFileType = sourcecode.swift; path = Service.swift; sourceTree = "<group>"; };
		EA3053FB24B0A65D00C563BF /* ServiceWebService.swift */ = {isa = PBXFileReference; lastKnownFileType = sourcecode.swift; path = ServiceWebService.swift; sourceTree = "<group>"; };
		EA3053FD24B0A6FE00C563BF /* ServiceFactory.swift */ = {isa = PBXFileReference; lastKnownFileType = sourcecode.swift; path = ServiceFactory.swift; sourceTree = "<group>"; };
		EA3053FF24B0DDD800C563BF /* UserLoginFactory.swift */ = {isa = PBXFileReference; lastKnownFileType = sourcecode.swift; path = UserLoginFactory.swift; sourceTree = "<group>"; };
		EA30540124B1C27600C563BF /* TypeService.swift */ = {isa = PBXFileReference; lastKnownFileType = sourcecode.swift; path = TypeService.swift; sourceTree = "<group>"; };
		EA30540324B1C3B600C563BF /* TypeServiceFactory.swift */ = {isa = PBXFileReference; lastKnownFileType = sourcecode.swift; path = TypeServiceFactory.swift; sourceTree = "<group>"; };
		EA30540524B1DBB500C563BF /* MesServicesViewController.swift */ = {isa = PBXFileReference; lastKnownFileType = sourcecode.swift; path = MesServicesViewController.swift; sourceTree = "<group>"; };
		EA30540624B1DBB500C563BF /* MesServicesViewController.xib */ = {isa = PBXFileReference; lastKnownFileType = file.xib; path = MesServicesViewController.xib; sourceTree = "<group>"; };
		EA30540924B2648400C563BF /* TypeServiceWebService.swift */ = {isa = PBXFileReference; lastKnownFileType = sourcecode.swift; path = TypeServiceWebService.swift; sourceTree = "<group>"; };
		EA3BB3F224BB205300CD6383 /* EvaluationViewController.swift */ = {isa = PBXFileReference; lastKnownFileType = sourcecode.swift; path = EvaluationViewController.swift; sourceTree = "<group>"; };
		EA3BB3F324BB205300CD6383 /* EvaluationViewController.xib */ = {isa = PBXFileReference; lastKnownFileType = file.xib; path = EvaluationViewController.xib; sourceTree = "<group>"; };
		EA3BB3F624BBAE7400CD6383 /* Badge.swift */ = {isa = PBXFileReference; lastKnownFileType = sourcecode.swift; path = Badge.swift; sourceTree = "<group>"; };
		EA3BB3F824BBAF2400CD6383 /* BadgeFactory.swift */ = {isa = PBXFileReference; lastKnownFileType = sourcecode.swift; path = BadgeFactory.swift; sourceTree = "<group>"; };
		EA3BB3FA24BBB02F00CD6383 /* BadgeWebService.swift */ = {isa = PBXFileReference; lastKnownFileType = sourcecode.swift; path = BadgeWebService.swift; sourceTree = "<group>"; };
		EA3BB3FC24BC576800CD6383 /* WinFactory.swift */ = {isa = PBXFileReference; lastKnownFileType = sourcecode.swift; path = WinFactory.swift; sourceTree = "<group>"; };
		EA3BB3FE24BC578E00CD6383 /* Win.swift */ = {isa = PBXFileReference; lastKnownFileType = sourcecode.swift; path = Win.swift; sourceTree = "<group>"; };
		EA3BB40024BC587C00CD6383 /* WinWebService.swift */ = {isa = PBXFileReference; lastKnownFileType = sourcecode.swift; path = WinWebService.swift; sourceTree = "<group>"; };
		EA696E1D24B909650079FC38 /* VolunteersTableViewCell.swift */ = {isa = PBXFileReference; lastKnownFileType = sourcecode.swift; path = VolunteersTableViewCell.swift; sourceTree = "<group>"; };
		EA696E1E24B909650079FC38 /* VolunteersTableViewCell.xib */ = {isa = PBXFileReference; lastKnownFileType = file.xib; path = VolunteersTableViewCell.xib; sourceTree = "<group>"; };
		EA696E2124B9C6C50079FC38 /* Config.swift */ = {isa = PBXFileReference; lastKnownFileType = sourcecode.swift; path = Config.swift; sourceTree = "<group>"; };
		EA696E2324BA09800079FC38 /* ListVolunteersViewController.swift */ = {isa = PBXFileReference; lastKnownFileType = sourcecode.swift; path = ListVolunteersViewController.swift; sourceTree = "<group>"; };
		EA696E2424BA09800079FC38 /* ListVolunteersViewController.xib */ = {isa = PBXFileReference; lastKnownFileType = file.xib; path = ListVolunteersViewController.xib; sourceTree = "<group>"; };
		EA696E2824BA162D0079FC38 /* VolunteersDetailsViewController.swift */ = {isa = PBXFileReference; lastKnownFileType = sourcecode.swift; path = VolunteersDetailsViewController.swift; sourceTree = "<group>"; };
		EA696E2924BA162D0079FC38 /* VolunteersDetailsViewController.xib */ = {isa = PBXFileReference; lastKnownFileType = file.xib; path = VolunteersDetailsViewController.xib; sourceTree = "<group>"; };
		EA8E305324B5B269009F5FAE /* ServiceCollectionViewCell.swift */ = {isa = PBXFileReference; lastKnownFileType = sourcecode.swift; path = ServiceCollectionViewCell.swift; sourceTree = "<group>"; };
		EA8E305424B5B269009F5FAE /* ServiceCollectionViewCell.xib */ = {isa = PBXFileReference; lastKnownFileType = file.xib; path = ServiceCollectionViewCell.xib; sourceTree = "<group>"; };
		EA8E305724B7828F009F5FAE /* Apply.swift */ = {isa = PBXFileReference; lastKnownFileType = sourcecode.swift; path = Apply.swift; sourceTree = "<group>"; };
		EA8E305924B783B4009F5FAE /* ApplyFactory.swift */ = {isa = PBXFileReference; lastKnownFileType = sourcecode.swift; path = ApplyFactory.swift; sourceTree = "<group>"; };
		EA8E305B24B783CA009F5FAE /* ApplyWebService.swift */ = {isa = PBXFileReference; lastKnownFileType = sourcecode.swift; path = ApplyWebService.swift; sourceTree = "<group>"; };
		EAFA409024B3536F00D9059F /* ListServicesViewController.swift */ = {isa = PBXFileReference; lastKnownFileType = sourcecode.swift; path = ListServicesViewController.swift; sourceTree = "<group>"; };
		EAFA409124B3536F00D9059F /* ListServicesViewController.xib */ = {isa = PBXFileReference; lastKnownFileType = file.xib; path = ListServicesViewController.xib; sourceTree = "<group>"; };
		EAFA40A024B473AA00D9059F /* ServiceInfosViewController.swift */ = {isa = PBXFileReference; lastKnownFileType = sourcecode.swift; path = ServiceInfosViewController.swift; sourceTree = "<group>"; };
		EAFA40A124B473AA00D9059F /* ServiceInfosViewController.xib */ = {isa = PBXFileReference; lastKnownFileType = file.xib; path = ServiceInfosViewController.xib; sourceTree = "<group>"; };
/* End PBXFileReference section */

/* Begin PBXFrameworksBuildPhase section */
		4FF31614245B0BF30006FF9C /* Frameworks */ = {
			isa = PBXFrameworksBuildPhase;
			buildActionMask = 2147483647;
			files = (
			);
			runOnlyForDeploymentPostprocessing = 0;
		};
/* End PBXFrameworksBuildPhase section */

/* Begin PBXGroup section */
		18C1EBF22475669200DC140A /* Service */ = {
			isa = PBXGroup;
			children = (
				18C1EBF3247568A500DC140A /* UserWebSevice.swift */,
				18C1EBF52475692100DC140A /* UserFactory.swift */,
				18DECE472477C05500D5C27C /* UserSignUpFactory.swift */,
				EA3053FB24B0A65D00C563BF /* ServiceWebService.swift */,
				EA3053FD24B0A6FE00C563BF /* ServiceFactory.swift */,
				EA3053FF24B0DDD800C563BF /* UserLoginFactory.swift */,
				EA30540324B1C3B600C563BF /* TypeServiceFactory.swift */,
				EA30540924B2648400C563BF /* TypeServiceWebService.swift */,
				EA8E305924B783B4009F5FAE /* ApplyFactory.swift */,
				EA8E305B24B783CA009F5FAE /* ApplyWebService.swift */,
				EA3BB3F824BBAF2400CD6383 /* BadgeFactory.swift */,
				EA3BB3FA24BBB02F00CD6383 /* BadgeWebService.swift */,
				EA3BB3FC24BC576800CD6383 /* WinFactory.swift */,
				EA3BB40024BC587C00CD6383 /* WinWebService.swift */,
			);
			path = Service;
			sourceTree = "<group>";
		};
		4F18830E24658E4B006481B6 /* xib */ = {
			isa = PBXGroup;
			children = (
				18DECE412477BC2E00D5C27C /* SignUpViewController.xib */,
				18C1EBE8247446AB00DC140A /* SignInViewController.xib */,
				18C1EBE42474434700DC140A /* HomeViewController.xib */,
				4F18831024659655006481B6 /* MessagesController.xib */,
			);
			path = xib;
			sourceTree = "<group>";
		};
		4FF3160E245B0BF30006FF9C = {
			isa = PBXGroup;
			children = (
				4FF31619245B0BF30006FF9C /* LinkSAppIOS */,
				4FF31618245B0BF30006FF9C /* Products */,
			);
			sourceTree = "<group>";
		};
		4FF31618245B0BF30006FF9C /* Products */ = {
			isa = PBXGroup;
			children = (
				4FF31617245B0BF30006FF9C /* LinkSAppIOS.app */,
			);
			name = Products;
			sourceTree = "<group>";
		};
		4FF31619245B0BF30006FF9C /* LinkSAppIOS */ = {
			isa = PBXGroup;
			children = (
				4FF3161A245B0BF30006FF9C /* AppDelegate.swift */,
				18C1EBF22475669200DC140A /* Service */,
				4FF3162F245B0C290006FF9C /* Model */,
				4FF31630245B0C390006FF9C /* View */,
				4FF3162E245B0C170006FF9C /* Controller */,
				4FF31623245B0BF90006FF9C /* Assets.xcassets */,
				4FF31625245B0BF90006FF9C /* LaunchScreen.storyboard */,
				4FF31628245B0BF90006FF9C /* Info.plist */,
				EA696E2124B9C6C50079FC38 /* Config.swift */,
			);
			path = LinkSAppIOS;
			sourceTree = "<group>";
		};
		4FF3162E245B0C170006FF9C /* Controller */ = {
			isa = PBXGroup;
			children = (
				EA696E2724BA160D0079FC38 /* Volunteers */,
				EA8E305D24B7BC25009F5FAE /* MesServices */,
				EAFA409924B470DE00D9059F /* ServiceInfos */,
				EAFA409424B3539000D9059F /* ListServices */,
				18DECE402477BC2E00D5C27C /* SignUpViewController.swift */,
				18C1EBE7247446AB00DC140A /* SignInViewController.swift */,
				18C1EBE32474434700DC140A /* HomeViewController.swift */,
				4FB7E219246AD7DC002740C6 /* ProfilFormController.swift */,
				4FF31631245B0C6B0006FF9C /* TabBarController.swift */,
				4FF31637245B0CB10006FF9C /* ServicesController.swift */,
				4F18830F24659655006481B6 /* MessagesController.swift */,
				4FF3163D245B0CD90006FF9C /* ProfilController.swift */,
				4F32268E245F0A0400CAF083 /* DeleteController.swift */,
				4F18830E24658E4B006481B6 /* xib */,
			);
			path = Controller;
			sourceTree = "<group>";
		};
		4FF3162F245B0C290006FF9C /* Model */ = {
			isa = PBXGroup;
			children = (
				4FF3163F245B0D4D0006FF9C /* ProfilSections.swift */,
				18C1EBEB2475636600DC140A /* User.swift */,
				18C1EBED2475658600DC140A /* Login.swift */,
				18C1EBF72475729E00DC140A /* UserLogin.swift */,
				18DECE452477BDC100D5C27C /* UserSignUp.swift */,
				EA3053F924B0A26D00C563BF /* Service.swift */,
				EA30540124B1C27600C563BF /* TypeService.swift */,
				EA8E305724B7828F009F5FAE /* Apply.swift */,
				EA3BB3F624BBAE7400CD6383 /* Badge.swift */,
				EA3BB3FE24BC578E00CD6383 /* Win.swift */,
			);
			path = Model;
			sourceTree = "<group>";
		};
		4FF31630245B0C390006FF9C /* View */ = {
			isa = PBXGroup;
			children = (
				4F4B409724655E4C00249FB8 /* Extensions.swift */,
				4FF31641245B0D7A0006FF9C /* ProfilCell.swift */,
				4FF31643245B0DA40006FF9C /* InfoUser.swift */,
				4F755112245D6D3600C0CD40 /* PopUpPoints.swift */,
				4F19E13C246ECFB800F21132 /* ScaledHeightImageView.swift */,
				4F19E140246ED01000F21132 /* Extension.swift */,
				4F19E142246ED03A00F21132 /* ImageSource.swift */,
			);
			path = View;
			sourceTree = "<group>";
		};
		EA696E2724BA160D0079FC38 /* Volunteers */ = {
			isa = PBXGroup;
			children = (
				EA696E2324BA09800079FC38 /* ListVolunteersViewController.swift */,
				EA696E2424BA09800079FC38 /* ListVolunteersViewController.xib */,
				EA696E1D24B909650079FC38 /* VolunteersTableViewCell.swift */,
				EA696E1E24B909650079FC38 /* VolunteersTableViewCell.xib */,
				EA696E2824BA162D0079FC38 /* VolunteersDetailsViewController.swift */,
				EA696E2924BA162D0079FC38 /* VolunteersDetailsViewController.xib */,
			);
			path = Volunteers;
			sourceTree = "<group>";
		};
		EA8E305D24B7BC25009F5FAE /* MesServices */ = {
			isa = PBXGroup;
			children = (
				EA30540524B1DBB500C563BF /* MesServicesViewController.swift */,
				EA30540624B1DBB500C563BF /* MesServicesViewController.xib */,
			);
			path = MesServices;
			sourceTree = "<group>";
		};
		EAFA409424B3539000D9059F /* ListServices */ = {
			isa = PBXGroup;
			children = (
				EAFA409024B3536F00D9059F /* ListServicesViewController.swift */,
				EAFA409124B3536F00D9059F /* ListServicesViewController.xib */,
				EA8E305324B5B269009F5FAE /* ServiceCollectionViewCell.swift */,
				EA8E305424B5B269009F5FAE /* ServiceCollectionViewCell.xib */,
			);
			path = ListServices;
			sourceTree = "<group>";
		};
		EAFA409924B470DE00D9059F /* ServiceInfos */ = {
			isa = PBXGroup;
			children = (
				EAFA40A024B473AA00D9059F /* ServiceInfosViewController.swift */,
				EAFA40A124B473AA00D9059F /* ServiceInfosViewController.xib */,
				EA3BB3F224BB205300CD6383 /* EvaluationViewController.swift */,
				EA3BB3F324BB205300CD6383 /* EvaluationViewController.xib */,
			);
			path = ServiceInfos;
			sourceTree = "<group>";
		};
/* End PBXGroup section */

/* Begin PBXNativeTarget section */
		4FF31616245B0BF30006FF9C /* LinkSAppIOS */ = {
			isa = PBXNativeTarget;
			buildConfigurationList = 4FF3162B245B0BF90006FF9C /* Build configuration list for PBXNativeTarget "LinkSAppIOS" */;
			buildPhases = (
				4FF31613245B0BF30006FF9C /* Sources */,
				4FF31614245B0BF30006FF9C /* Frameworks */,
				4FF31615245B0BF30006FF9C /* Resources */,
			);
			buildRules = (
			);
			dependencies = (
			);
			name = LinkSAppIOS;
			productName = LinkSAppIOS;
			productReference = 4FF31617245B0BF30006FF9C /* LinkSAppIOS.app */;
			productType = "com.apple.product-type.application";
		};
/* End PBXNativeTarget section */

/* Begin PBXProject section */
		4FF3160F245B0BF30006FF9C /* Project object */ = {
			isa = PBXProject;
			attributes = {
				LastSwiftUpdateCheck = 1130;
				LastUpgradeCheck = 1130;
				ORGANIZATIONNAME = imane;
				TargetAttributes = {
					4FF31616245B0BF30006FF9C = {
						CreatedOnToolsVersion = 11.3;
					};
				};
			};
			buildConfigurationList = 4FF31612245B0BF30006FF9C /* Build configuration list for PBXProject "LinkSAppIOS" */;
			compatibilityVersion = "Xcode 9.3";
			developmentRegion = en;
			hasScannedForEncodings = 0;
			knownRegions = (
				en,
				Base,
			);
			mainGroup = 4FF3160E245B0BF30006FF9C;
			productRefGroup = 4FF31618245B0BF30006FF9C /* Products */;
			projectDirPath = "";
			projectRoot = "";
			targets = (
				4FF31616245B0BF30006FF9C /* LinkSAppIOS */,
			);
		};
/* End PBXProject section */

/* Begin PBXResourcesBuildPhase section */
		4FF31615245B0BF30006FF9C /* Resources */ = {
			isa = PBXResourcesBuildPhase;
			buildActionMask = 2147483647;
			files = (
				EA3BB3F524BB205300CD6383 /* EvaluationViewController.xib in Resources */,
				18C1EBEA247446AB00DC140A /* SignInViewController.xib in Resources */,
				4FF31627245B0BF90006FF9C /* LaunchScreen.storyboard in Resources */,
				EAFA40A324B473AA00D9059F /* ServiceInfosViewController.xib in Resources */,
				4FF31624245B0BF90006FF9C /* Assets.xcassets in Resources */,
				EA8E305624B5B269009F5FAE /* ServiceCollectionViewCell.xib in Resources */,
				EA696E2024B909650079FC38 /* VolunteersTableViewCell.xib in Resources */,
				4F18831224659655006481B6 /* MessagesController.xib in Resources */,
				EA696E2624BA09800079FC38 /* ListVolunteersViewController.xib in Resources */,
				EA696E2B24BA162D0079FC38 /* VolunteersDetailsViewController.xib in Resources */,
				18DECE432477BC2E00D5C27C /* SignUpViewController.xib in Resources */,
				18C1EBE62474434700DC140A /* HomeViewController.xib in Resources */,
				EAFA409324B3536F00D9059F /* ListServicesViewController.xib in Resources */,
				EA30540824B1DBB500C563BF /* MesServicesViewController.xib in Resources */,
			);
			runOnlyForDeploymentPostprocessing = 0;
		};
/* End PBXResourcesBuildPhase section */

/* Begin PBXSourcesBuildPhase section */
		4FF31613245B0BF30006FF9C /* Sources */ = {
			isa = PBXSourcesBuildPhase;
			buildActionMask = 2147483647;
			files = (
				EA696E2524BA09800079FC38 /* ListVolunteersViewController.swift in Sources */,
				4F19E143246ED03A00F21132 /* ImageSource.swift in Sources */,
				18DECE482477C05500D5C27C /* UserSignUpFactory.swift in Sources */,
				EA696E2A24BA162D0079FC38 /* VolunteersDetailsViewController.swift in Sources */,
				18C1EBF82475729E00DC140A /* UserLogin.swift in Sources */,
				4FF3163E245B0CD90006FF9C /* ProfilController.swift in Sources */,
				EA3053FA24B0A26D00C563BF /* Service.swift in Sources */,
				18C1EBE52474434700DC140A /* HomeViewController.swift in Sources */,
				4FF3161B245B0BF30006FF9C /* AppDelegate.swift in Sources */,
				EAFA409224B3536F00D9059F /* ListServicesViewController.swift in Sources */,
				18C1EBEE2475658600DC140A /* Login.swift in Sources */,
				4FF31638245B0CB10006FF9C /* ServicesController.swift in Sources */,
				EA3BB3F924BBAF2400CD6383 /* BadgeFactory.swift in Sources */,
				EA3053FC24B0A65D00C563BF /* ServiceWebService.swift in Sources */,
				4FF31632245B0C6B0006FF9C /* TabBarController.swift in Sources */,
				EAFA40A224B473AA00D9059F /* ServiceInfosViewController.swift in Sources */,
				4FF31640245B0D4D0006FF9C /* ProfilSections.swift in Sources */,
				EA3BB3F724BBAE7400CD6383 /* Badge.swift in Sources */,
				4FF31644245B0DA40006FF9C /* InfoUser.swift in Sources */,
				EA30540724B1DBB500C563BF /* MesServicesViewController.swift in Sources */,
				EA8E305C24B783CA009F5FAE /* ApplyWebService.swift in Sources */,
				EA696E2224B9C6C50079FC38 /* Config.swift in Sources */,
				EA8E305824B7828F009F5FAE /* Apply.swift in Sources */,
				EA30540224B1C27600C563BF /* TypeService.swift in Sources */,
				18DECE462477BDC100D5C27C /* UserSignUp.swift in Sources */,
				4F19E13D246ECFB800F21132 /* ScaledHeightImageView.swift in Sources */,
				4FB7E21A246AD7DC002740C6 /* ProfilFormController.swift in Sources */,
				4F4B409824655E4C00249FB8 /* Extensions.swift in Sources */,
				EA3BB3FB24BBB02F00CD6383 /* BadgeWebService.swift in Sources */,
				4F19E141246ED01000F21132 /* Extension.swift in Sources */,
				EA8E305524B5B269009F5FAE /* ServiceCollectionViewCell.swift in Sources */,
				EA3BB40124BC587C00CD6383 /* WinWebService.swift in Sources */,
				EA3BB3F424BB205300CD6383 /* EvaluationViewController.swift in Sources */,
				EA696E1F24B909650079FC38 /* VolunteersTableViewCell.swift in Sources */,
				EA3BB3FD24BC576800CD6383 /* WinFactory.swift in Sources */,
				4F755113245D6D3600C0CD40 /* PopUpPoints.swift in Sources */,
				18C1EBF4247568A500DC140A /* UserWebSevice.swift in Sources */,
				18C1EBE9247446AB00DC140A /* SignInViewController.swift in Sources */,
				EA30540A24B2648400C563BF /* TypeServiceWebService.swift in Sources */,
				EA3053FE24B0A6FE00C563BF /* ServiceFactory.swift in Sources */,
				18DECE422477BC2E00D5C27C /* SignUpViewController.swift in Sources */,
				18C1EBEC2475636600DC140A /* User.swift in Sources */,
				EA30540024B0DDD800C563BF /* UserLoginFactory.swift in Sources */,
				4F32268F245F0A0400CAF083 /* DeleteController.swift in Sources */,
				EA8E305A24B783B4009F5FAE /* ApplyFactory.swift in Sources */,
				4FF31642245B0D7A0006FF9C /* ProfilCell.swift in Sources */,
				4F18831124659655006481B6 /* MessagesController.swift in Sources */,
				EA30540424B1C3B600C563BF /* TypeServiceFactory.swift in Sources */,
				EA3BB3FF24BC578E00CD6383 /* Win.swift in Sources */,
				18C1EBF62475692100DC140A /* UserFactory.swift in Sources */,
			);
			runOnlyForDeploymentPostprocessing = 0;
		};
/* End PBXSourcesBuildPhase section */

/* Begin PBXVariantGroup section */
		4FF31625245B0BF90006FF9C /* LaunchScreen.storyboard */ = {
			isa = PBXVariantGroup;
			children = (
				4FF31626245B0BF90006FF9C /* Base */,
			);
			name = LaunchScreen.storyboard;
			sourceTree = "<group>";
		};
/* End PBXVariantGroup section */

/* Begin XCBuildConfiguration section */
		4FF31629245B0BF90006FF9C /* Debug */ = {
			isa = XCBuildConfiguration;
			buildSettings = {
				ALWAYS_SEARCH_USER_PATHS = NO;
				CLANG_ANALYZER_NONNULL = YES;
				CLANG_ANALYZER_NUMBER_OBJECT_CONVERSION = YES_AGGRESSIVE;
				CLANG_CXX_LANGUAGE_STANDARD = "gnu++14";
				CLANG_CXX_LIBRARY = "libc++";
				CLANG_ENABLE_MODULES = YES;
				CLANG_ENABLE_OBJC_ARC = YES;
				CLANG_ENABLE_OBJC_WEAK = YES;
				CLANG_WARN_BLOCK_CAPTURE_AUTORELEASING = YES;
				CLANG_WARN_BOOL_CONVERSION = YES;
				CLANG_WARN_COMMA = YES;
				CLANG_WARN_CONSTANT_CONVERSION = YES;
				CLANG_WARN_DEPRECATED_OBJC_IMPLEMENTATIONS = YES;
				CLANG_WARN_DIRECT_OBJC_ISA_USAGE = YES_ERROR;
				CLANG_WARN_DOCUMENTATION_COMMENTS = YES;
				CLANG_WARN_EMPTY_BODY = YES;
				CLANG_WARN_ENUM_CONVERSION = YES;
				CLANG_WARN_INFINITE_RECURSION = YES;
				CLANG_WARN_INT_CONVERSION = YES;
				CLANG_WARN_NON_LITERAL_NULL_CONVERSION = YES;
				CLANG_WARN_OBJC_IMPLICIT_RETAIN_SELF = YES;
				CLANG_WARN_OBJC_LITERAL_CONVERSION = YES;
				CLANG_WARN_OBJC_ROOT_CLASS = YES_ERROR;
				CLANG_WARN_RANGE_LOOP_ANALYSIS = YES;
				CLANG_WARN_STRICT_PROTOTYPES = YES;
				CLANG_WARN_SUSPICIOUS_MOVE = YES;
				CLANG_WARN_UNGUARDED_AVAILABILITY = YES_AGGRESSIVE;
				CLANG_WARN_UNREACHABLE_CODE = YES;
				CLANG_WARN__DUPLICATE_METHOD_MATCH = YES;
				COPY_PHASE_STRIP = NO;
				DEBUG_INFORMATION_FORMAT = dwarf;
				ENABLE_STRICT_OBJC_MSGSEND = YES;
				ENABLE_TESTABILITY = YES;
				GCC_C_LANGUAGE_STANDARD = gnu11;
				GCC_DYNAMIC_NO_PIC = NO;
				GCC_NO_COMMON_BLOCKS = YES;
				GCC_OPTIMIZATION_LEVEL = 0;
				GCC_PREPROCESSOR_DEFINITIONS = (
					"DEBUG=1",
					"$(inherited)",
				);
				GCC_WARN_64_TO_32_BIT_CONVERSION = YES;
				GCC_WARN_ABOUT_RETURN_TYPE = YES_ERROR;
				GCC_WARN_UNDECLARED_SELECTOR = YES;
				GCC_WARN_UNINITIALIZED_AUTOS = YES_AGGRESSIVE;
				GCC_WARN_UNUSED_FUNCTION = YES;
				GCC_WARN_UNUSED_VARIABLE = YES;
				IPHONEOS_DEPLOYMENT_TARGET = 13.2;
				MTL_ENABLE_DEBUG_INFO = INCLUDE_SOURCE;
				MTL_FAST_MATH = YES;
				ONLY_ACTIVE_ARCH = YES;
				SDKROOT = iphoneos;
				SWIFT_ACTIVE_COMPILATION_CONDITIONS = DEBUG;
				SWIFT_OPTIMIZATION_LEVEL = "-Onone";
			};
			name = Debug;
		};
		4FF3162A245B0BF90006FF9C /* Release */ = {
			isa = XCBuildConfiguration;
			buildSettings = {
				ALWAYS_SEARCH_USER_PATHS = NO;
				CLANG_ANALYZER_NONNULL = YES;
				CLANG_ANALYZER_NUMBER_OBJECT_CONVERSION = YES_AGGRESSIVE;
				CLANG_CXX_LANGUAGE_STANDARD = "gnu++14";
				CLANG_CXX_LIBRARY = "libc++";
				CLANG_ENABLE_MODULES = YES;
				CLANG_ENABLE_OBJC_ARC = YES;
				CLANG_ENABLE_OBJC_WEAK = YES;
				CLANG_WARN_BLOCK_CAPTURE_AUTORELEASING = YES;
				CLANG_WARN_BOOL_CONVERSION = YES;
				CLANG_WARN_COMMA = YES;
				CLANG_WARN_CONSTANT_CONVERSION = YES;
				CLANG_WARN_DEPRECATED_OBJC_IMPLEMENTATIONS = YES;
				CLANG_WARN_DIRECT_OBJC_ISA_USAGE = YES_ERROR;
				CLANG_WARN_DOCUMENTATION_COMMENTS = YES;
				CLANG_WARN_EMPTY_BODY = YES;
				CLANG_WARN_ENUM_CONVERSION = YES;
				CLANG_WARN_INFINITE_RECURSION = YES;
				CLANG_WARN_INT_CONVERSION = YES;
				CLANG_WARN_NON_LITERAL_NULL_CONVERSION = YES;
				CLANG_WARN_OBJC_IMPLICIT_RETAIN_SELF = YES;
				CLANG_WARN_OBJC_LITERAL_CONVERSION = YES;
				CLANG_WARN_OBJC_ROOT_CLASS = YES_ERROR;
				CLANG_WARN_RANGE_LOOP_ANALYSIS = YES;
				CLANG_WARN_STRICT_PROTOTYPES = YES;
				CLANG_WARN_SUSPICIOUS_MOVE = YES;
				CLANG_WARN_UNGUARDED_AVAILABILITY = YES_AGGRESSIVE;
				CLANG_WARN_UNREACHABLE_CODE = YES;
				CLANG_WARN__DUPLICATE_METHOD_MATCH = YES;
				COPY_PHASE_STRIP = NO;
				DEBUG_INFORMATION_FORMAT = "dwarf-with-dsym";
				ENABLE_NS_ASSERTIONS = NO;
				ENABLE_STRICT_OBJC_MSGSEND = YES;
				GCC_C_LANGUAGE_STANDARD = gnu11;
				GCC_NO_COMMON_BLOCKS = YES;
				GCC_WARN_64_TO_32_BIT_CONVERSION = YES;
				GCC_WARN_ABOUT_RETURN_TYPE = YES_ERROR;
				GCC_WARN_UNDECLARED_SELECTOR = YES;
				GCC_WARN_UNINITIALIZED_AUTOS = YES_AGGRESSIVE;
				GCC_WARN_UNUSED_FUNCTION = YES;
				GCC_WARN_UNUSED_VARIABLE = YES;
				IPHONEOS_DEPLOYMENT_TARGET = 13.2;
				MTL_ENABLE_DEBUG_INFO = NO;
				MTL_FAST_MATH = YES;
				SDKROOT = iphoneos;
				SWIFT_COMPILATION_MODE = wholemodule;
				SWIFT_OPTIMIZATION_LEVEL = "-O";
				VALIDATE_PRODUCT = YES;
			};
			name = Release;
		};
		4FF3162C245B0BF90006FF9C /* Debug */ = {
			isa = XCBuildConfiguration;
			buildSettings = {
				ASSETCATALOG_COMPILER_APPICON_NAME = AppIcon;
				CODE_SIGN_STYLE = Automatic;
				DEVELOPMENT_TEAM = N768MHVCSJ;
				INFOPLIST_FILE = LinkSAppIOS/Info.plist;
				LD_RUNPATH_SEARCH_PATHS = (
					"$(inherited)",
					"@executable_path/Frameworks",
				);
				PRODUCT_BUNDLE_IDENTIFIER = imane.LinkSAppIOS;
				PRODUCT_NAME = "$(TARGET_NAME)";
				SWIFT_VERSION = 5.0;
				TARGETED_DEVICE_FAMILY = "1,2";
			};
			name = Debug;
		};
		4FF3162D245B0BF90006FF9C /* Release */ = {
			isa = XCBuildConfiguration;
			buildSettings = {
				ASSETCATALOG_COMPILER_APPICON_NAME = AppIcon;
				CODE_SIGN_STYLE = Automatic;
				DEVELOPMENT_TEAM = N768MHVCSJ;
				INFOPLIST_FILE = LinkSAppIOS/Info.plist;
				LD_RUNPATH_SEARCH_PATHS = (
					"$(inherited)",
					"@executable_path/Frameworks",
				);
				PRODUCT_BUNDLE_IDENTIFIER = imane.LinkSAppIOS;
				PRODUCT_NAME = "$(TARGET_NAME)";
				SWIFT_VERSION = 5.0;
				TARGETED_DEVICE_FAMILY = "1,2";
			};
			name = Release;
		};
/* End XCBuildConfiguration section */

/* Begin XCConfigurationList section */
		4FF31612245B0BF30006FF9C /* Build configuration list for PBXProject "LinkSAppIOS" */ = {
			isa = XCConfigurationList;
			buildConfigurations = (
				4FF31629245B0BF90006FF9C /* Debug */,
				4FF3162A245B0BF90006FF9C /* Release */,
			);
			defaultConfigurationIsVisible = 0;
			defaultConfigurationName = Release;
		};
		4FF3162B245B0BF90006FF9C /* Build configuration list for PBXNativeTarget "LinkSAppIOS" */ = {
			isa = XCConfigurationList;
			buildConfigurations = (
				4FF3162C245B0BF90006FF9C /* Debug */,
				4FF3162D245B0BF90006FF9C /* Release */,
			);
			defaultConfigurationIsVisible = 0;
			defaultConfigurationName = Release;
		};
/* End XCConfigurationList section */
	};
	rootObject = 4FF3160F245B0BF30006FF9C /* Project object */;
}
